// !$*UTF8*$!
{
	archiveVersion = 1;
	classes = {
	};
	objectVersion = 46;
	objects = {

/* Begin PBXBuildFile section */
		258B02781DCF9DE30083A01D /* AppDelegate.swift in Sources */ = {isa = PBXBuildFile; fileRef = 258B02771DCF9DE30083A01D /* AppDelegate.swift */; };
		258B027A1DCF9DE30083A01D /* ViewController.swift in Sources */ = {isa = PBXBuildFile; fileRef = 258B02791DCF9DE30083A01D /* ViewController.swift */; };
		258B027D1DCF9DE30083A01D /* Main.storyboard in Resources */ = {isa = PBXBuildFile; fileRef = 258B027B1DCF9DE30083A01D /* Main.storyboard */; };
		258B027F1DCF9DE30083A01D /* Assets.xcassets in Resources */ = {isa = PBXBuildFile; fileRef = 258B027E1DCF9DE30083A01D /* Assets.xcassets */; };
		258B02821DCF9DE30083A01D /* LaunchScreen.storyboard in Resources */ = {isa = PBXBuildFile; fileRef = 258B02801DCF9DE30083A01D /* LaunchScreen.storyboard */; };
		258B028A1DD261270083A01D /* Igel01.jpg in Resources */ = {isa = PBXBuildFile; fileRef = 258B02891DD261270083A01D /* Igel01.jpg */; };
		258B028C1DD264510083A01D /* Kittyply_edit1.jpg in Resources */ = {isa = PBXBuildFile; fileRef = 258B028B1DD264510083A01D /* Kittyply_edit1.jpg */; };
/* End PBXBuildFile section */

/* Begin PBXFileReference section */
		258B02741DCF9DE30083A01D /* Hello World.app */ = {isa = PBXFileReference; explicitFileType = wrapper.application; includeInIndex = 0; path = "Hello World.app"; sourceTree = BUILT_PRODUCTS_DIR; };
		258B02771DCF9DE30083A01D /* AppDelegate.swift */ = {isa = PBXFileReference; lastKnownFileType = sourcecode.swift; path = AppDelegate.swift; sourceTree = "<group>"; };
		258B02791DCF9DE30083A01D /* ViewController.swift */ = {isa = PBXFileReference; lastKnownFileType = sourcecode.swift; path = ViewController.swift; sourceTree = "<group>"; };
		258B027C1DCF9DE30083A01D /* Base */ = {isa = PBXFileReference; lastKnownFileType = file.storyboard; name = Base; path = Base.lproj/Main.storyboard; sourceTree = "<group>"; };
		258B027E1DCF9DE30083A01D /* Assets.xcassets */ = {isa = PBXFileReference; lastKnownFileType = folder.assetcatalog; path = Assets.xcassets; sourceTree = "<group>"; };
		258B02811DCF9DE30083A01D /* Base */ = {isa = PBXFileReference; lastKnownFileType = file.storyboard; name = Base; path = Base.lproj/LaunchScreen.storyboard; sourceTree = "<group>"; };
		258B02831DCF9DE30083A01D /* Info.plist */ = {isa = PBXFileReference; lastKnownFileType = text.plist.xml; path = Info.plist; sourceTree = "<group>"; };
		258B02891DD261270083A01D /* Igel01.jpg */ = {isa = PBXFileReference; lastKnownFileType = image.jpeg; path = Igel01.jpg; sourceTree = "<group>"; };
		258B028B1DD264510083A01D /* Kittyply_edit1.jpg */ = {isa = PBXFileReference; lastKnownFileType = image.jpeg; path = Kittyply_edit1.jpg; sourceTree = "<group>"; };
/* End PBXFileReference section */

/* Begin PBXFrameworksBuildPhase section */
		258B02711DCF9DE30083A01D /* Frameworks */ = {
			isa = PBXFrameworksBuildPhase;
			buildActionMask = 2147483647;
			files = (
			);
			runOnlyForDeploymentPostprocessing = 0;
		};
/* End PBXFrameworksBuildPhase section */

/* Begin PBXGroup section */
		258B026B1DCF9DE30083A01D = {
			isa = PBXGroup;
			children = (
				258B02761DCF9DE30083A01D /* Hello World */,
				258B02751DCF9DE30083A01D /* Products */,
			);
			sourceTree = "<group>";
		};
		258B02751DCF9DE30083A01D /* Products */ = {
			isa = PBXGroup;
			children = (
				258B02741DCF9DE30083A01D /* Hello World.app */,
			);
			name = Products;
			sourceTree = "<group>";
		};
		258B02761DCF9DE30083A01D /* Hello World */ = {
			isa = PBXGroup;
			children = (
				258B02771DCF9DE30083A01D /* AppDelegate.swift */,
				258B02791DCF9DE30083A01D /* ViewController.swift */,
				258B027B1DCF9DE30083A01D /* Main.storyboard */,
				258B02891DD261270083A01D /* Igel01.jpg */,
				258B028B1DD264510083A01D /* Kittyply_edit1.jpg */,
				258B027E1DCF9DE30083A01D /* Assets.xcassets */,
				258B02801DCF9DE30083A01D /* LaunchScreen.storyboard */,
				258B02831DCF9DE30083A01D /* Info.plist */,
			);
			path = "Hello World";
			sourceTree = "<group>";
		};
/* End PBXGroup section */

/* Begin PBXNativeTarget section */
		258B02731DCF9DE30083A01D /* Hello World */ = {
			isa = PBXNativeTarget;
			buildConfigurationList = 258B02861DCF9DE30083A01D /* Build configuration list for PBXNativeTarget "Hello World" */;
			buildPhases = (
				258B02701DCF9DE30083A01D /* Sources */,
				258B02711DCF9DE30083A01D /* Frameworks */,
				258B02721DCF9DE30083A01D /* Resources */,
			);
			buildRules = (
			);
			dependencies = (
			);
			name = "Hello World";
			productName = "Hello World";
			productReference = 258B02741DCF9DE30083A01D /* Hello World.app */;
			productType = "com.apple.product-type.application";
		};
/* End PBXNativeTarget section */

/* Begin PBXProject section */
		258B026C1DCF9DE30083A01D /* Project object */ = {
			isa = PBXProject;
			attributes = {
				LastSwiftUpdateCheck = 0810;
				LastUpgradeCheck = 0810;
				ORGANIZATIONNAME = "Aamir Shah";
				TargetAttributes = {
					258B02731DCF9DE30083A01D = {
						CreatedOnToolsVersion = 8.1;
						DevelopmentTeam = TB9UEAE33E;
						ProvisioningStyle = Automatic;
					};
				};
			};
			buildConfigurationList = 258B026F1DCF9DE30083A01D /* Build configuration list for PBXProject "Hello World" */;
			compatibilityVersion = "Xcode 3.2";
			developmentRegion = English;
			hasScannedForEncodings = 0;
			knownRegions = (
				en,
				Base,
			);
			mainGroup = 258B026B1DCF9DE30083A01D;
			productRefGroup = 258B02751DCF9DE30083A01D /* Products */;
			projectDirPath = "";
			projectRoot = "";
			targets = (
				258B02731DCF9DE30083A01D /* Hello World */,
			);
		};
/* End PBXProject section */

/* Begin PBXResourcesBuildPhase section */
		258B02721DCF9DE30083A01D /* Resources */ = {
			isa = PBXResourcesBuildPhase;
			buildActionMask = 2147483647;
			files = (
				258B02821DCF9DE30083A01D /* LaunchScreen.storyboard in Resources */,
				258B027F1DCF9DE30083A01D /* Assets.xcassets in Resources */,
				258B028C1DD264510083A01D /* Kittyply_edit1.jpg in Resources */,
				258B027D1DCF9DE30083A01D /* Main.storyboard in Resources */,
				258B028A1DD261270083A01D /* Igel01.jpg in Resources */,
			);
			runOnlyForDeploymentPostprocessing = 0;
		};
/* End PBXResourcesBuildPhase section */

/* Begin PBXSourcesBuildPhase section */
		258B02701DCF9DE30083A01D /* Sources */ = {
			isa = PBXSourcesBuildPhase;
			buildActionMask = 2147483647;
			files = (
				258B027A1DCF9DE30083A01D /* ViewController.swift in Sources */,
				258B02781DCF9DE30083A01D /* AppDelegate.swift in Sources */,
			);
			runOnlyForDeploymentPostprocessing = 0;
		};
/* End PBXSourcesBuildPhase section */

/* Begin PBXVariantGroup section */
		258B027B1DCF9DE30083A01D /* Main.storyboard */ = {
			isa = PBXVariantGroup;
			children = (
				258B027C1DCF9DE30083A01D /* Base */,
			);
			name = Main.storyboard;
			sourceTree = "<group>";
		};
		258B02801DCF9DE30083A01D /* LaunchScreen.storyboard */ = {
			isa = PBXVariantGroup;
			children = (
				258B02811DCF9DE30083A01D /* Base */,
			);
			name = LaunchScreen.storyboard;
			sourceTree = "<group>";
		};
/* End PBXVariantGroup section */

/* Begin XCBuildConfiguration section */
		258B02841DCF9DE30083A01D /* Debug */ = {
			isa = XCBuildConfiguration;
			buildSettings = {
				ALWAYS_SEARCH_USER_PATHS = NO;
				CLANG_ANALYZER_NONNULL = YES;
				CLANG_CXX_LANGUAGE_STANDARD = "gnu++0x";
				CLANG_CXX_LIBRARY = "libc++";
				CLANG_ENABLE_MODULES = YES;
				CLANG_ENABLE_OBJC_ARC = YES;
				CLANG_WARN_BOOL_CONVERSION = YES;
				CLANG_WARN_CONSTANT_CONVERSION = YES;
				CLANG_WARN_DIRECT_OBJC_ISA_USAGE = YES_ERROR;
				CLANG_WARN_DOCUMENTATION_COMMENTS = YES;
				CLANG_WARN_EMPTY_BODY = YES;
				CLANG_WARN_ENUM_CONVERSION = YES;
				CLANG_WARN_INFINITE_RECURSION = YES;
				CLANG_WARN_INT_CONVERSION = YES;
				CLANG_WARN_OBJC_ROOT_CLASS = YES_ERROR;
				CLANG_WARN_SUSPICIOUS_MOVES = YES;
				CLANG_WARN_UNREACHABLE_CODE = YES;
				CLANG_WARN__DUPLICATE_METHOD_MATCH = YES;
				"CODE_SIGN_IDENTITY[sdk=iphoneos*]" = "iPhone Developer";
				COPY_PHASE_STRIP = NO;
				DEBUG_INFORMATION_FORMAT = dwarf;
				ENABLE_STRICT_OBJC_MSGSEND = YES;
				ENABLE_TESTABILITY = YES;
				GCC_C_LANGUAGE_STANDARD = gnu99;
				GCC_DYNAMIC_NO_PIC = NO;
				GCC_NO_COMMON_BLOCKS = YES;
				GCC_OPTIMIZATION_LEVEL = 0;
				GCC_PREPROCESSOR_DEFINITIONS = (
					"DEBUG=1",
					"$(inherited)",
				);
				GCC_WARN_64_TO_32_BIT_CONVERSION = YES;
				GCC_WARN_ABOUT_RETURN_TYPE = YES_ERROR;
				GCC_WARN_UNDECLARED_SELECTOR = YES;
				GCC_WARN_UNINITIALIZED_AUTOS = YES_AGGRESSIVE;
				GCC_WARN_UNUSED_FUNCTION = YES;
				GCC_WARN_UNUSED_VARIABLE = YES;
				IPHONEOS_DEPLOYMENT_TARGET = 10.1;
				MTL_ENABLE_DEBUG_INFO = YES;
				ONLY_ACTIVE_ARCH = YES;
				SDKROOT = iphoneos;
				SWIFT_ACTIVE_COMPILATION_CONDITIONS = DEBUG;
				SWIFT_OPTIMIZATION_LEVEL = "-Onone";
			};
			name = Debug;
		};
		258B02851DCF9DE30083A01D /* Release */ = {
			isa = XCBuildConfiguration;
			buildSettings = {
				ALWAYS_SEARCH_USER_PATHS = NO;
				CLANG_ANALYZER_NONNULL = YES;
				CLANG_CXX_LANGUAGE_STANDARD = "gnu++0x";
				CLANG_CXX_LIBRARY = "libc++";
				CLANG_ENABLE_MODULES = YES;
				CLANG_ENABLE_OBJC_ARC = YES;
				CLANG_WARN_BOOL_CONVERSION = YES;
				CLANG_WARN_CONSTANT_CONVERSION = YES;
				CLANG_WARN_DIRECT_OBJC_ISA_USAGE = YES_ERROR;
				CLANG_WARN_DOCUMENTATION_COMMENTS = YES;
				CLANG_WARN_EMPTY_BODY = YES;
				CLANG_WARN_ENUM_CONVERSION = YES;
				CLANG_WARN_INFINITE_RECURSION = YES;
				CLANG_WARN_INT_CONVERSION = YES;
				CLANG_WARN_OBJC_ROOT_CLASS = YES_ERROR;
				CLANG_WARN_SUSPICIOUS_MOVES = YES;
				CLANG_WARN_UNREACHABLE_CODE = YES;
				CLANG_WARN__DUPLICATE_METHOD_MATCH = YES;
				"CODE_SIGN_IDENTITY[sdk=iphoneos*]" = "iPhone Developer";
				COPY_PHASE_STRIP = NO;
				DEBUG_INFORMATION_FORMAT = "dwarf-with-dsym";
				ENABLE_NS_ASSERTIONS = NO;
				ENABLE_STRICT_OBJC_MSGSEND = YES;
				GCC_C_LANGUAGE_STANDARD = gnu99;
				GCC_NO_COMMON_BLOCKS = YES;
				GCC_WARN_64_TO_32_BIT_CONVERSION = YES;
				GCC_WARN_ABOUT_RETURN_TYPE = YES_ERROR;
				GCC_WARN_UNDECLARED_SELECTOR = YES;
				GCC_WARN_UNINITIALIZED_AUTOS = YES_AGGRESSIVE;
				GCC_WARN_UNUSED_FUNCTION = YES;
				GCC_WARN_UNUSED_VARIABLE = YES;
				IPHONEOS_DEPLOYMENT_TARGET = 10.1;
				MTL_ENABLE_DEBUG_INFO = NO;
				SDKROOT = iphoneos;
				SWIFT_OPTIMIZATION_LEVEL = "-Owholemodule";
				VALIDATE_PRODUCT = YES;
			};
			name = Release;
		};
		258B02871DCF9DE30083A01D /* Debug */ = {
			isa = XCBuildConfiguration;
			buildSettings = {
				ASSETCATALOG_COMPILER_APPICON_NAME = AppIcon;
				DEVELOPMENT_TEAM = TB9UEAE33E;
				INFOPLIST_FILE = "Hello World/Info.plist";
				LD_RUNPATH_SEARCH_PATHS = "$(inherited) @executable_path/Frameworks";
				PRODUCT_BUNDLE_IDENTIFIER = "com.shah.Hello-World";
				PRODUCT_NAME = "$(TARGET_NAME)";
				SWIFT_VERSION = 3.0;
			};
			name = Debug;
		};
		258B02881DCF9DE30083A01D /* Release */ = {
			isa = XCBuildConfiguration;
			buildSettings = {
				ASSETCATALOG_COMPILER_APPICON_NAME = AppIcon;
				DEVELOPMENT_TEAM = TB9UEAE33E;
				INFOPLIST_FILE = "Hello World/Info.plist";
				LD_RUNPATH_SEARCH_PATHS = "$(inherited) @executable_path/Frameworks";
				PRODUCT_BUNDLE_IDENTIFIER = "com.shah.Hello-World";
				PRODUCT_NAME = "$(TARGET_NAME)";
				SWIFT_VERSION = 3.0;
			};
			name = Release;
		};
/* End XCBuildConfiguration section */

/* Begin XCConfigurationList section */
		258B026F1DCF9DE30083A01D /* Build configuration list for PBXProject "Hello World" */ = {
			isa = XCConfigurationList;
			buildConfigurations = (
				258B02841DCF9DE30083A01D /* Debug */,
				258B02851DCF9DE30083A01D /* Release */,
			);
			defaultConfigurationIsVisible = 0;
			defaultConfigurationName = Release;
		};
		258B02861DCF9DE30083A01D /* Build configuration list for PBXNativeTarget "Hello World" */ = {
			isa = XCConfigurationList;
			buildConfigurations = (
				258B02871DCF9DE30083A01D /* Debug */,
				258B02881DCF9DE30083A01D /* Release */,
			);
			defaultConfigurationIsVisible = 0;
		};
/* End XCConfigurationList section */
	};
	rootObject = 258B026C1DCF9DE30083A01D /* Project object */;
}
